
Microsoft Visual Studio Solution File, Format Version 12.00
# Visual Studio Version 17
VisualStudioVersion = 17.4.33213.308
MinimumVisualStudioVersion = 10.0.40219.1
Project("{9A19103F-16F7-4668-BE54-9A1E7A4F7556}") = "Clustering", "Clustering\Clustering.csproj", "{A7456138-B8FC-459C-8EA7-453FF48A8EC7}"
EndProject
Project("{9A19103F-16F7-4668-BE54-9A1E7A4F7556}") = "ClusteringTest", "ClusteringTest\ClusteringTest.csproj", "{C18F138D-E731-4491-A741-1F8A4D5F60C1}"
	ProjectSection(ProjectDependencies) = postProject
		{A7456138-B8FC-459C-8EA7-453FF48A8EC7} = {A7456138-B8FC-459C-8EA7-453FF48A8EC7}
	EndProjectSection
EndProject
Global
	GlobalSection(SolutionConfigurationPlatforms) = preSolution
		Debug|Any CPU = Debug|Any CPU
		Release|Any CPU = Release|Any CPU
	EndGlobalSection
	GlobalSection(ProjectConfigurationPlatforms) = postSolution
		{A7456138-B8FC-459C-8EA7-453FF48A8EC7}.Debug|Any CPU.ActiveCfg = Debug|Any CPU
		{A7456138-B8FC-459C-8EA7-453FF48A8EC7}.Debug|Any CPU.Build.0 = Debug|Any CPU
		{A7456138-B8FC-459C-8EA7-453FF48A8EC7}.Release|Any CPU.ActiveCfg = Release|Any CPU
		{A7456138-B8FC-459C-8EA7-453FF48A8EC7}.Release|Any CPU.Build.0 = Release|Any CPU
		{C18F138D-E731-4491-A741-1F8A4D5F60C1}.Debug|Any CPU.ActiveCfg = Debug|Any CPU
		{C18F138D-E731-4491-A741-1F8A4D5F60C1}.Debug|Any CPU.Build.0 = Debug|Any CPU
		{C18F138D-E731-4491-A741-1F8A4D5F60C1}.Release|Any CPU.ActiveCfg = Release|Any CPU
		{C18F138D-E731-4491-A741-1F8A4D5F60C1}.Release|Any CPU.Build.0 = Release|Any CPU
	EndGlobalSection
	GlobalSection(SolutionProperties) = preSolution
		HideSolutionNode = FALSE
	EndGlobalSection
	GlobalSection(ExtensibilityGlobals) = postSolution
		SolutionGuid = {2FF5B8D8-3A0F-4C6F-8E35-464C8E02FF2D}
	EndGlobalSection
EndGlobal
